{
  "name": "fit-happens-journal",
  "version": "0.1.0",
  "lockfileVersion": 3,
  "requires": true,
  "packages": {
    "": {
      "name": "fit-happens-journal",
      "version": "0.1.0",
      "license": "ISC",
      "dependencies": {
        "protoc-gen-js": "^3.21.4-4"
      }
    },
    "node_modules/adm-zip": {
      "version": "0.5.10",
      "resolved": "https://registry.npmjs.org/adm-zip/-/adm-zip-0.5.10.tgz",
      "integrity": "sha512-x0HvcHqVJNTPk/Bw8JbLWlWoo6Wwnsug0fnYYro1HBrjxZ3G7/AZk7Ahv8JwDe1uIcz8eBqvu86FuF1POiG7vQ==",
      "engines": {
        "node": ">=6.0"
      }
    },
    "node_modules/protoc-gen-js": {
      "version": "3.21.4-4",
      "resolved": "https://registry.npmjs.org/protoc-gen-js/-/protoc-gen-js-3.21.4-4.tgz",
      "integrity": "sha512-BQUNVNm55pCiFl386SbAjM4D/S70N1jyZPKuTsb8RVibtn+FoiOdHlw4wG8DssvMRZTdI+DIL/WZYN3QBChurg==",
      "hasInstallScript": true,
      "dependencies": {
        "adm-zip": "0.5.10"
      },
      "bin": {
        "protoc-gen-js": "cli.js"
      }
    }
  }
}
